
Microsoft Visual Studio Solution File, Format Version 12.00
# Visual Studio Version 16
VisualStudioVersion = 16.0.31005.135
MinimumVisualStudioVersion = 10.0.40219.1
Project("{FAE04EC0-301F-11D3-BF4B-00C04F79EFBC}") = "Cумма максимального и минимального хначения", "Cумма максимального и минимального хначения\Cумма максимального и минимального хначения.csproj", "{850571C5-CDDB-4A86-8825-846B1E4E1CC2}"
EndProject
Global
	GlobalSection(SolutionConfigurationPlatforms) = preSolution
		Debug|Any CPU = Debug|Any CPU
		Release|Any CPU = Release|Any CPU
	EndGlobalSection
	GlobalSection(ProjectConfigurationPlatforms) = postSolution
		{850571C5-CDDB-4A86-8825-846B1E4E1CC2}.Debug|Any CPU.ActiveCfg = Debug|Any CPU
		{850571C5-CDDB-4A86-8825-846B1E4E1CC2}.Debug|Any CPU.Build.0 = Debug|Any CPU
		{850571C5-CDDB-4A86-8825-846B1E4E1CC2}.Release|Any CPU.ActiveCfg = Release|Any CPU
		{850571C5-CDDB-4A86-8825-846B1E4E1CC2}.Release|Any CPU.Build.0 = Release|Any CPU
	EndGlobalSection
	GlobalSection(SolutionProperties) = preSolution
		HideSolutionNode = FALSE
	EndGlobalSection
	GlobalSection(ExtensibilityGlobals) = postSolution
		SolutionGuid = {6A99F6D4-476D-48D6-A0F6-DC4F28B214E5}
	EndGlobalSection
EndGlobal
