
Microsoft Visual Studio Solution File, Format Version 12.00
# Visual Studio Version 16
VisualStudioVersion = 16.0.31005.135
MinimumVisualStudioVersion = 10.0.40219.1
Project("{FAE04EC0-301F-11D3-BF4B-00C04F79EFBC}") = "Palindrom", "Palindrom\Palindrom.csproj", "{01DF1EB6-067F-4C85-A62B-910E28C76D69}"
EndProject
Global
	GlobalSection(SolutionConfigurationPlatforms) = preSolution
		Debug|Any CPU = Debug|Any CPU
		Release|Any CPU = Release|Any CPU
	EndGlobalSection
	GlobalSection(ProjectConfigurationPlatforms) = postSolution
		{01DF1EB6-067F-4C85-A62B-910E28C76D69}.Debug|Any CPU.ActiveCfg = Debug|Any CPU
		{01DF1EB6-067F-4C85-A62B-910E28C76D69}.Debug|Any CPU.Build.0 = Debug|Any CPU
		{01DF1EB6-067F-4C85-A62B-910E28C76D69}.Release|Any CPU.ActiveCfg = Release|Any CPU
		{01DF1EB6-067F-4C85-A62B-910E28C76D69}.Release|Any CPU.Build.0 = Release|Any CPU
	EndGlobalSection
	GlobalSection(SolutionProperties) = preSolution
		HideSolutionNode = FALSE
	EndGlobalSection
	GlobalSection(ExtensibilityGlobals) = postSolution
		SolutionGuid = {50BB029E-E009-41D8-B1FF-5D842BEDABB4}
	EndGlobalSection
EndGlobal
